
Microsoft Visual Studio Solution File, Format Version 12.00
Project("{FAE04EC0-301F-11D3-BF4B-00C04F79EFBC}") = "Heimdall", "Heimdall.csproj", "{EC634941-ADDC-48DA-BD10-65C3D1B7683B}"
EndProject
Global
	GlobalSection(SolutionConfigurationPlatforms) = preSolution
		Debug|Any CPU = Debug|Any CPU
		Release|Any CPU = Release|Any CPU
	EndGlobalSection
	GlobalSection(ProjectConfigurationPlatforms) = postSolution
		{EC634941-ADDC-48DA-BD10-65C3D1B7683B}.Debug|Any CPU.ActiveCfg = Debug|Any CPU
		{EC634941-ADDC-48DA-BD10-65C3D1B7683B}.Debug|Any CPU.Build.0 = Debug|Any CPU
		{EC634941-ADDC-48DA-BD10-65C3D1B7683B}.Release|Any CPU.ActiveCfg = Release|Any CPU
		{EC634941-ADDC-48DA-BD10-65C3D1B7683B}.Release|Any CPU.Build.0 = Release|Any CPU
	EndGlobalSection
EndGlobal
